// !$*UTF8*$!
{
	archiveVersion = 1;
	classes = {
	};
	objectVersion = 46;
	objects = {

/* Begin PBXBuildFile section */
		81186A0B16F76D06009DC3B0 /* main.cpp in Sources */ = {isa = PBXBuildFile; fileRef = 81186A0A16F76D06009DC3B0 /* main.cpp */; };
		81186A0D16F76D06009DC3B0 /* PSO_Code.1 in CopyFiles */ = {isa = PBXBuildFile; fileRef = 81186A0C16F76D06009DC3B0 /* PSO_Code.1 */; };
		8171742D16F8911400FB4D7F /* Swarm.cpp in Sources */ = {isa = PBXBuildFile; fileRef = 8171742B16F8911400FB4D7F /* Swarm.cpp */; };
		817E991716F76D8A0066D94B /* Particle.cpp in Sources */ = {isa = PBXBuildFile; fileRef = 817E991116F76D8A0066D94B /* Particle.cpp */; };
		817E991816F76D8A0066D94B /* Position.cpp in Sources */ = {isa = PBXBuildFile; fileRef = 817E991316F76D8A0066D94B /* Position.cpp */; };
		817E991916F76D8A0066D94B /* Random.cpp in Sources */ = {isa = PBXBuildFile; fileRef = 817E991516F76D8A0066D94B /* Random.cpp */; };
/* End PBXBuildFile section */

/* Begin PBXCopyFilesBuildPhase section */
		81186A0516F76D06009DC3B0 /* CopyFiles */ = {
			isa = PBXCopyFilesBuildPhase;
			buildActionMask = 2147483647;
			dstPath = /usr/share/man/man1/;
			dstSubfolderSpec = 0;
			files = (
				81186A0D16F76D06009DC3B0 /* PSO_Code.1 in CopyFiles */,
			);
			runOnlyForDeploymentPostprocessing = 1;
		};
/* End PBXCopyFilesBuildPhase section */

/* Begin PBXFileReference section */
		81186A0716F76D06009DC3B0 /* PSO-Code */ = {isa = PBXFileReference; explicitFileType = "compiled.mach-o.executable"; includeInIndex = 0; path = "PSO-Code"; sourceTree = BUILT_PRODUCTS_DIR; };
		81186A0A16F76D06009DC3B0 /* main.cpp */ = {isa = PBXFileReference; lastKnownFileType = sourcecode.cpp.cpp; path = main.cpp; sourceTree = "<group>"; };
		81186A0C16F76D06009DC3B0 /* PSO_Code.1 */ = {isa = PBXFileReference; lastKnownFileType = text.man; path = PSO_Code.1; sourceTree = "<group>"; };
		8171742B16F8911400FB4D7F /* Swarm.cpp */ = {isa = PBXFileReference; fileEncoding = 4; lastKnownFileType = sourcecode.cpp.cpp; path = Swarm.cpp; sourceTree = "<group>"; };
		8171742C16F8911400FB4D7F /* Swarm.h */ = {isa = PBXFileReference; fileEncoding = 4; lastKnownFileType = sourcecode.c.h; path = Swarm.h; sourceTree = "<group>"; };
		817E991116F76D8A0066D94B /* Particle.cpp */ = {isa = PBXFileReference; fileEncoding = 4; lastKnownFileType = sourcecode.cpp.cpp; path = Particle.cpp; sourceTree = "<group>"; };
		817E991216F76D8A0066D94B /* Particle.h */ = {isa = PBXFileReference; fileEncoding = 4; lastKnownFileType = sourcecode.c.h; path = Particle.h; sourceTree = "<group>"; };
		817E991316F76D8A0066D94B /* Position.cpp */ = {isa = PBXFileReference; fileEncoding = 4; lastKnownFileType = sourcecode.cpp.cpp; path = Position.cpp; sourceTree = "<group>"; };
		817E991416F76D8A0066D94B /* Position.h */ = {isa = PBXFileReference; fileEncoding = 4; lastKnownFileType = sourcecode.c.h; path = Position.h; sourceTree = "<group>"; };
		817E991516F76D8A0066D94B /* Random.cpp */ = {isa = PBXFileReference; fileEncoding = 4; lastKnownFileType = sourcecode.cpp.cpp; path = Random.cpp; sourceTree = "<group>"; };
		817E991616F76D8A0066D94B /* Random.h */ = {isa = PBXFileReference; fileEncoding = 4; lastKnownFileType = sourcecode.c.h; path = Random.h; sourceTree = "<group>"; };
/* End PBXFileReference section */

/* Begin PBXFrameworksBuildPhase section */
		81186A0416F76D06009DC3B0 /* Frameworks */ = {
			isa = PBXFrameworksBuildPhase;
			buildActionMask = 2147483647;
			files = (
			);
			runOnlyForDeploymentPostprocessing = 0;
		};
/* End PBXFrameworksBuildPhase section */

/* Begin PBXGroup section */
		811869FE16F76D06009DC3B0 = {
			isa = PBXGroup;
			children = (
				81186A0916F76D06009DC3B0 /* PSO-Code */,
				81186A0816F76D06009DC3B0 /* Products */,
			);
			sourceTree = "<group>";
		};
		81186A0816F76D06009DC3B0 /* Products */ = {
			isa = PBXGroup;
			children = (
				81186A0716F76D06009DC3B0 /* PSO-Code */,
			);
			name = Products;
			sourceTree = "<group>";
		};
		81186A0916F76D06009DC3B0 /* PSO-Code */ = {
			isa = PBXGroup;
			children = (
				817E991116F76D8A0066D94B /* Particle.cpp */,
				817E991216F76D8A0066D94B /* Particle.h */,
				817E991316F76D8A0066D94B /* Position.cpp */,
				817E991416F76D8A0066D94B /* Position.h */,
				817E991516F76D8A0066D94B /* Random.cpp */,
				817E991616F76D8A0066D94B /* Random.h */,
				81186A0A16F76D06009DC3B0 /* main.cpp */,
				8171742B16F8911400FB4D7F /* Swarm.cpp */,
				8171742C16F8911400FB4D7F /* Swarm.h */,
				81186A0C16F76D06009DC3B0 /* PSO_Code.1 */,
			);
			path = "PSO-Code";
			sourceTree = "<group>";
		};
/* End PBXGroup section */

/* Begin PBXNativeTarget section */
		81186A0616F76D06009DC3B0 /* PSO-Code */ = {
			isa = PBXNativeTarget;
			buildConfigurationList = 81186A1016F76D06009DC3B0 /* Build configuration list for PBXNativeTarget "PSO-Code" */;
			buildPhases = (
				81186A0316F76D06009DC3B0 /* Sources */,
				81186A0416F76D06009DC3B0 /* Frameworks */,
				81186A0516F76D06009DC3B0 /* CopyFiles */,
			);
			buildRules = (
			);
			dependencies = (
			);
			name = "PSO-Code";
			productName = "PSO-Code";
			productReference = 81186A0716F76D06009DC3B0 /* PSO-Code */;
			productType = "com.apple.product-type.tool";
		};
/* End PBXNativeTarget section */

/* Begin PBXProject section */
		811869FF16F76D06009DC3B0 /* Project object */ = {
			isa = PBXProject;
			attributes = {
				LastUpgradeCheck = 0460;
				ORGANIZATIONNAME = "Hannes Badertscher";
			};
			buildConfigurationList = 81186A0216F76D06009DC3B0 /* Build configuration list for PBXProject "PSO-Code" */;
			compatibilityVersion = "Xcode 3.2";
			developmentRegion = English;
			hasScannedForEncodings = 0;
			knownRegions = (
				en,
			);
			mainGroup = 811869FE16F76D06009DC3B0;
			productRefGroup = 81186A0816F76D06009DC3B0 /* Products */;
			projectDirPath = "";
			projectRoot = "";
			targets = (
				81186A0616F76D06009DC3B0 /* PSO-Code */,
			);
		};
/* End PBXProject section */

/* Begin PBXSourcesBuildPhase section */
		81186A0316F76D06009DC3B0 /* Sources */ = {
			isa = PBXSourcesBuildPhase;
			buildActionMask = 2147483647;
			files = (
				81186A0B16F76D06009DC3B0 /* main.cpp in Sources */,
				817E991716F76D8A0066D94B /* Particle.cpp in Sources */,
				817E991816F76D8A0066D94B /* Position.cpp in Sources */,
				817E991916F76D8A0066D94B /* Random.cpp in Sources */,
				8171742D16F8911400FB4D7F /* Swarm.cpp in Sources */,
			);
			runOnlyForDeploymentPostprocessing = 0;
		};
/* End PBXSourcesBuildPhase section */

/* Begin XCBuildConfiguration section */
		81186A0E16F76D06009DC3B0 /* Debug */ = {
			isa = XCBuildConfiguration;
			buildSettings = {
				ALWAYS_SEARCH_USER_PATHS = NO;
				ARCHS = "$(ARCHS_STANDARD_64_BIT)";
				CLANG_CXX_LANGUAGE_STANDARD = "gnu++0x";
				CLANG_CXX_LIBRARY = "libc++";
				CLANG_ENABLE_OBJC_ARC = YES;
				CLANG_WARN_CONSTANT_CONVERSION = YES;
				CLANG_WARN_EMPTY_BODY = YES;
				CLANG_WARN_ENUM_CONVERSION = YES;
				CLANG_WARN_INT_CONVERSION = YES;
				CLANG_WARN__DUPLICATE_METHOD_MATCH = YES;
				COPY_PHASE_STRIP = NO;
				GCC_C_LANGUAGE_STANDARD = gnu99;
				GCC_DYNAMIC_NO_PIC = NO;
				GCC_ENABLE_OBJC_EXCEPTIONS = YES;
				GCC_OPTIMIZATION_LEVEL = 0;
				GCC_PREPROCESSOR_DEFINITIONS = (
					"DEBUG=1",
					"$(inherited)",
				);
				GCC_SYMBOLS_PRIVATE_EXTERN = NO;
				GCC_WARN_64_TO_32_BIT_CONVERSION = YES;
				GCC_WARN_ABOUT_RETURN_TYPE = YES;
				GCC_WARN_UNINITIALIZED_AUTOS = YES;
				GCC_WARN_UNUSED_VARIABLE = YES;
				MACOSX_DEPLOYMENT_TARGET = 10.8;
				ONLY_ACTIVE_ARCH = YES;
				SDKROOT = macosx;
			};
			name = Debug;
		};
		81186A0F16F76D06009DC3B0 /* Release */ = {
			isa = XCBuildConfiguration;
			buildSettings = {
				ALWAYS_SEARCH_USER_PATHS = NO;
				ARCHS = "$(ARCHS_STANDARD_64_BIT)";
				CLANG_CXX_LANGUAGE_STANDARD = "gnu++0x";
				CLANG_CXX_LIBRARY = "libc++";
				CLANG_ENABLE_OBJC_ARC = YES;
				CLANG_WARN_CONSTANT_CONVERSION = YES;
				CLANG_WARN_EMPTY_BODY = YES;
				CLANG_WARN_ENUM_CONVERSION = YES;
				CLANG_WARN_INT_CONVERSION = YES;
				CLANG_WARN__DUPLICATE_METHOD_MATCH = YES;
				COPY_PHASE_STRIP = YES;
				DEBUG_INFORMATION_FORMAT = "dwarf-with-dsym";
				GCC_C_LANGUAGE_STANDARD = gnu99;
				GCC_ENABLE_OBJC_EXCEPTIONS = YES;
				GCC_WARN_64_TO_32_BIT_CONVERSION = YES;
				GCC_WARN_ABOUT_RETURN_TYPE = YES;
				GCC_WARN_UNINITIALIZED_AUTOS = YES;
				GCC_WARN_UNUSED_VARIABLE = YES;
				MACOSX_DEPLOYMENT_TARGET = 10.8;
				SDKROOT = macosx;
			};
			name = Release;
		};
		81186A1116F76D06009DC3B0 /* Debug */ = {
			isa = XCBuildConfiguration;
			buildSettings = {
				PRODUCT_NAME = "$(TARGET_NAME)";
			};
			name = Debug;
		};
		81186A1216F76D06009DC3B0 /* Release */ = {
			isa = XCBuildConfiguration;
			buildSettings = {
				PRODUCT_NAME = "$(TARGET_NAME)";
			};
			name = Release;
		};
/* End XCBuildConfiguration section */

/* Begin XCConfigurationList section */
		81186A0216F76D06009DC3B0 /* Build configuration list for PBXProject "PSO-Code" */ = {
			isa = XCConfigurationList;
			buildConfigurations = (
				81186A0E16F76D06009DC3B0 /* Debug */,
				81186A0F16F76D06009DC3B0 /* Release */,
			);
			defaultConfigurationIsVisible = 0;
			defaultConfigurationName = Release;
		};
		81186A1016F76D06009DC3B0 /* Build configuration list for PBXNativeTarget "PSO-Code" */ = {
			isa = XCConfigurationList;
			buildConfigurations = (
				81186A1116F76D06009DC3B0 /* Debug */,
				81186A1216F76D06009DC3B0 /* Release */,
			);
			defaultConfigurationIsVisible = 0;
			defaultConfigurationName = Release;
		};
/* End XCConfigurationList section */
	};
	rootObject = 811869FF16F76D06009DC3B0 /* Project object */;
}
